// !$*UTF8*$!
{
	archiveVersion = 1;
	classes = {
	};
	objectVersion = 46;
	objects = {

/* Begin PBXBuildFile section */
		71B97BB119404DE800A52635 /* Foundation.framework in Frameworks */ = {isa = PBXBuildFile; fileRef = 71B97BB019404DE800A52635 /* Foundation.framework */; };
		71B97BB319404DE800A52635 /* CoreGraphics.framework in Frameworks */ = {isa = PBXBuildFile; fileRef = 71B97BB219404DE800A52635 /* CoreGraphics.framework */; };
		71B97BB519404DE800A52635 /* UIKit.framework in Frameworks */ = {isa = PBXBuildFile; fileRef = 71B97BB419404DE800A52635 /* UIKit.framework */; };
		71B97BBB19404DE800A52635 /* InfoPlist.strings in Resources */ = {isa = PBXBuildFile; fileRef = 71B97BB919404DE800A52635 /* InfoPlist.strings */; };
		71B97BBD19404DE800A52635 /* main.m in Sources */ = {isa = PBXBuildFile; fileRef = 71B97BBC19404DE800A52635 /* main.m */; };
		71B97BC119404DE800A52635 /* IFAppDelegate.m in Sources */ = {isa = PBXBuildFile; fileRef = 71B97BC019404DE800A52635 /* IFAppDelegate.m */; };
		71B97BC319404DE800A52635 /* Images.xcassets in Resources */ = {isa = PBXBuildFile; fileRef = 71B97BC219404DE800A52635 /* Images.xcassets */; };
		71B97BCA19404DE800A52635 /* XCTest.framework in Frameworks */ = {isa = PBXBuildFile; fileRef = 71B97BC919404DE800A52635 /* XCTest.framework */; };
		71B97BCB19404DE800A52635 /* Foundation.framework in Frameworks */ = {isa = PBXBuildFile; fileRef = 71B97BB019404DE800A52635 /* Foundation.framework */; };
		71B97BCC19404DE800A52635 /* UIKit.framework in Frameworks */ = {isa = PBXBuildFile; fileRef = 71B97BB419404DE800A52635 /* UIKit.framework */; };
		71B97BD419404DE800A52635 /* InfoPlist.strings in Resources */ = {isa = PBXBuildFile; fileRef = 71B97BD219404DE800A52635 /* InfoPlist.strings */; };
		71B97BD619404DE800A52635 /* InYourFaceTests.m in Sources */ = {isa = PBXBuildFile; fileRef = 71B97BD519404DE800A52635 /* InYourFaceTests.m */; };
		71B97BE119404DF400A52635 /* IFAlertDelegateViewController.m in Sources */ = {isa = PBXBuildFile; fileRef = 71B97BE019404DF400A52635 /* IFAlertDelegateViewController.m */; };
/* End PBXBuildFile section */

/* Begin PBXContainerItemProxy section */
		71B97BCD19404DE800A52635 /* PBXContainerItemProxy */ = {
			isa = PBXContainerItemProxy;
			containerPortal = 71B97BA519404DE800A52635 /* Project object */;
			proxyType = 1;
			remoteGlobalIDString = 71B97BAC19404DE800A52635;
			remoteInfo = InYourFace;
		};
/* End PBXContainerItemProxy section */

/* Begin PBXFileReference section */
		71B97BAD19404DE800A52635 /* InYourFace.app */ = {isa = PBXFileReference; explicitFileType = wrapper.application; includeInIndex = 0; path = InYourFace.app; sourceTree = BUILT_PRODUCTS_DIR; };
		71B97BB019404DE800A52635 /* Foundation.framework */ = {isa = PBXFileReference; lastKnownFileType = wrapper.framework; name = Foundation.framework; path = System/Library/Frameworks/Foundation.framework; sourceTree = SDKROOT; };
		71B97BB219404DE800A52635 /* CoreGraphics.framework */ = {isa = PBXFileReference; lastKnownFileType = wrapper.framework; name = CoreGraphics.framework; path = System/Library/Frameworks/CoreGraphics.framework; sourceTree = SDKROOT; };
		71B97BB419404DE800A52635 /* UIKit.framework */ = {isa = PBXFileReference; lastKnownFileType = wrapper.framework; name = UIKit.framework; path = System/Library/Frameworks/UIKit.framework; sourceTree = SDKROOT; };
		71B97BB819404DE800A52635 /* InYourFace-Info.plist */ = {isa = PBXFileReference; lastKnownFileType = text.plist.xml; path = "InYourFace-Info.plist"; sourceTree = "<group>"; };
		71B97BBA19404DE800A52635 /* en */ = {isa = PBXFileReference; lastKnownFileType = text.plist.strings; name = en; path = en.lproj/InfoPlist.strings; sourceTree = "<group>"; };
		71B97BBC19404DE800A52635 /* main.m */ = {isa = PBXFileReference; lastKnownFileType = sourcecode.c.objc; path = main.m; sourceTree = "<group>"; };
		71B97BBE19404DE800A52635 /* InYourFace-Prefix.pch */ = {isa = PBXFileReference; lastKnownFileType = sourcecode.c.h; path = "InYourFace-Prefix.pch"; sourceTree = "<group>"; };
		71B97BBF19404DE800A52635 /* IFAppDelegate.h */ = {isa = PBXFileReference; lastKnownFileType = sourcecode.c.h; path = IFAppDelegate.h; sourceTree = "<group>"; };
		71B97BC019404DE800A52635 /* IFAppDelegate.m */ = {isa = PBXFileReference; lastKnownFileType = sourcecode.c.objc; path = IFAppDelegate.m; sourceTree = "<group>"; };
		71B97BC219404DE800A52635 /* Images.xcassets */ = {isa = PBXFileReference; lastKnownFileType = folder.assetcatalog; path = Images.xcassets; sourceTree = "<group>"; };
		71B97BC819404DE800A52635 /* InYourFaceTests.xctest */ = {isa = PBXFileReference; explicitFileType = wrapper.cfbundle; includeInIndex = 0; path = InYourFaceTests.xctest; sourceTree = BUILT_PRODUCTS_DIR; };
		71B97BC919404DE800A52635 /* XCTest.framework */ = {isa = PBXFileReference; lastKnownFileType = wrapper.framework; name = XCTest.framework; path = Library/Frameworks/XCTest.framework; sourceTree = DEVELOPER_DIR; };
		71B97BD119404DE800A52635 /* InYourFaceTests-Info.plist */ = {isa = PBXFileReference; lastKnownFileType = text.plist.xml; path = "InYourFaceTests-Info.plist"; sourceTree = "<group>"; };
		71B97BD319404DE800A52635 /* en */ = {isa = PBXFileReference; lastKnownFileType = text.plist.strings; name = en; path = en.lproj/InfoPlist.strings; sourceTree = "<group>"; };
		71B97BD519404DE800A52635 /* InYourFaceTests.m */ = {isa = PBXFileReference; lastKnownFileType = sourcecode.c.objc; path = InYourFaceTests.m; sourceTree = "<group>"; };
		71B97BDF19404DF400A52635 /* IFAlertDelegateViewController.h */ = {isa = PBXFileReference; fileEncoding = 4; lastKnownFileType = sourcecode.c.h; path = IFAlertDelegateViewController.h; sourceTree = "<group>"; };
		71B97BE019404DF400A52635 /* IFAlertDelegateViewController.m */ = {isa = PBXFileReference; fileEncoding = 4; lastKnownFileType = sourcecode.c.objc; path = IFAlertDelegateViewController.m; sourceTree = "<group>"; };
/* End PBXFileReference section */

/* Begin PBXFrameworksBuildPhase section */
		71B97BAA19404DE800A52635 /* Frameworks */ = {
			isa = PBXFrameworksBuildPhase;
			buildActionMask = 2147483647;
			files = (
				71B97BB319404DE800A52635 /* CoreGraphics.framework in Frameworks */,
				71B97BB519404DE800A52635 /* UIKit.framework in Frameworks */,
				71B97BB119404DE800A52635 /* Foundation.framework in Frameworks */,
			);
			runOnlyForDeploymentPostprocessing = 0;
		};
		71B97BC519404DE800A52635 /* Frameworks */ = {
			isa = PBXFrameworksBuildPhase;
			buildActionMask = 2147483647;
			files = (
				71B97BCA19404DE800A52635 /* XCTest.framework in Frameworks */,
				71B97BCC19404DE800A52635 /* UIKit.framework in Frameworks */,
				71B97BCB19404DE800A52635 /* Foundation.framework in Frameworks */,
			);
			runOnlyForDeploymentPostprocessing = 0;
		};
/* End PBXFrameworksBuildPhase section */

/* Begin PBXGroup section */
		71B97BA419404DE800A52635 = {
			isa = PBXGroup;
			children = (
				71B97BB619404DE800A52635 /* InYourFace */,
				71B97BCF19404DE800A52635 /* InYourFaceTests */,
				71B97BAF19404DE800A52635 /* Frameworks */,
				71B97BAE19404DE800A52635 /* Products */,
			);
			sourceTree = "<group>";
		};
		71B97BAE19404DE800A52635 /* Products */ = {
			isa = PBXGroup;
			children = (
				71B97BAD19404DE800A52635 /* InYourFace.app */,
				71B97BC819404DE800A52635 /* InYourFaceTests.xctest */,
			);
			name = Products;
			sourceTree = "<group>";
		};
		71B97BAF19404DE800A52635 /* Frameworks */ = {
			isa = PBXGroup;
			children = (
				71B97BB019404DE800A52635 /* Foundation.framework */,
				71B97BB219404DE800A52635 /* CoreGraphics.framework */,
				71B97BB419404DE800A52635 /* UIKit.framework */,
				71B97BC919404DE800A52635 /* XCTest.framework */,
			);
			name = Frameworks;
			sourceTree = "<group>";
		};
		71B97BB619404DE800A52635 /* InYourFace */ = {
			isa = PBXGroup;
			children = (
				71B97BBF19404DE800A52635 /* IFAppDelegate.h */,
				71B97BC019404DE800A52635 /* IFAppDelegate.m */,
				71B97BDF19404DF400A52635 /* IFAlertDelegateViewController.h */,
				71B97BE019404DF400A52635 /* IFAlertDelegateViewController.m */,
				71B97BC219404DE800A52635 /* Images.xcassets */,
				71B97BB719404DE800A52635 /* Supporting Files */,
			);
			path = InYourFace;
			sourceTree = "<group>";
		};
		71B97BB719404DE800A52635 /* Supporting Files */ = {
			isa = PBXGroup;
			children = (
				71B97BB819404DE800A52635 /* InYourFace-Info.plist */,
				71B97BB919404DE800A52635 /* InfoPlist.strings */,
				71B97BBC19404DE800A52635 /* main.m */,
				71B97BBE19404DE800A52635 /* InYourFace-Prefix.pch */,
			);
			name = "Supporting Files";
			sourceTree = "<group>";
		};
		71B97BCF19404DE800A52635 /* InYourFaceTests */ = {
			isa = PBXGroup;
			children = (
				71B97BD519404DE800A52635 /* InYourFaceTests.m */,
				71B97BD019404DE800A52635 /* Supporting Files */,
			);
			path = InYourFaceTests;
			sourceTree = "<group>";
		};
		71B97BD019404DE800A52635 /* Supporting Files */ = {
			isa = PBXGroup;
			children = (
				71B97BD119404DE800A52635 /* InYourFaceTests-Info.plist */,
				71B97BD219404DE800A52635 /* InfoPlist.strings */,
			);
			name = "Supporting Files";
			sourceTree = "<group>";
		};
/* End PBXGroup section */

/* Begin PBXNativeTarget section */
		71B97BAC19404DE800A52635 /* InYourFace */ = {
			isa = PBXNativeTarget;
			buildConfigurationList = 71B97BD919404DE800A52635 /* Build configuration list for PBXNativeTarget "InYourFace" */;
			buildPhases = (
				71B97BA919404DE800A52635 /* Sources */,
				71B97BAA19404DE800A52635 /* Frameworks */,
				71B97BAB19404DE800A52635 /* Resources */,
			);
			buildRules = (
			);
			dependencies = (
			);
			name = InYourFace;
			productName = InYourFace;
			productReference = 71B97BAD19404DE800A52635 /* InYourFace.app */;
			productType = "com.apple.product-type.application";
		};
		71B97BC719404DE800A52635 /* InYourFaceTests */ = {
			isa = PBXNativeTarget;
			buildConfigurationList = 71B97BDC19404DE800A52635 /* Build configuration list for PBXNativeTarget "InYourFaceTests" */;
			buildPhases = (
				71B97BC419404DE800A52635 /* Sources */,
				71B97BC519404DE800A52635 /* Frameworks */,
				71B97BC619404DE800A52635 /* Resources */,
			);
			buildRules = (
			);
			dependencies = (
				71B97BCE19404DE800A52635 /* PBXTargetDependency */,
			);
			name = InYourFaceTests;
			productName = InYourFaceTests;
			productReference = 71B97BC819404DE800A52635 /* InYourFaceTests.xctest */;
			productType = "com.apple.product-type.bundle.unit-test";
		};
/* End PBXNativeTarget section */

/* Begin PBXProject section */
		71B97BA519404DE800A52635 /* Project object */ = {
			isa = PBXProject;
			attributes = {
				CLASSPREFIX = IF;
				LastUpgradeCheck = 0510;
				ORGANIZATIONNAME = DevMountain;
				TargetAttributes = {
					71B97BC719404DE800A52635 = {
						TestTargetID = 71B97BAC19404DE800A52635;
					};
				};
			};
			buildConfigurationList = 71B97BA819404DE800A52635 /* Build configuration list for PBXProject "InYourFace" */;
			compatibilityVersion = "Xcode 3.2";
			developmentRegion = English;
			hasScannedForEncodings = 0;
			knownRegions = (
				en,
			);
			mainGroup = 71B97BA419404DE800A52635;
			productRefGroup = 71B97BAE19404DE800A52635 /* Products */;
			projectDirPath = "";
			projectRoot = "";
			targets = (
				71B97BAC19404DE800A52635 /* InYourFace */,
				71B97BC719404DE800A52635 /* InYourFaceTests */,
			);
		};
/* End PBXProject section */

/* Begin PBXResourcesBuildPhase section */
		71B97BAB19404DE800A52635 /* Resources */ = {
			isa = PBXResourcesBuildPhase;
			buildActionMask = 2147483647;
			files = (
				71B97BBB19404DE800A52635 /* InfoPlist.strings in Resources */,
				71B97BC319404DE800A52635 /* Images.xcassets in Resources */,
			);
			runOnlyForDeploymentPostprocessing = 0;
		};
		71B97BC619404DE800A52635 /* Resources */ = {
			isa = PBXResourcesBuildPhase;
			buildActionMask = 2147483647;
			files = (
				71B97BD419404DE800A52635 /* InfoPlist.strings in Resources */,
			);
			runOnlyForDeploymentPostprocessing = 0;
		};
/* End PBXResourcesBuildPhase section */

/* Begin PBXSourcesBuildPhase section */
		71B97BA919404DE800A52635 /* Sources */ = {
			isa = PBXSourcesBuildPhase;
			buildActionMask = 2147483647;
			files = (
				71B97BBD19404DE800A52635 /* main.m in Sources */,
				71B97BC119404DE800A52635 /* IFAppDelegate.m in Sources */,
				71B97BE119404DF400A52635 /* IFAlertDelegateViewController.m in Sources */,
			);
			runOnlyForDeploymentPostprocessing = 0;
		};
		71B97BC419404DE800A52635 /* Sources */ = {
			isa = PBXSourcesBuildPhase;
			buildActionMask = 2147483647;
			files = (
				71B97BD619404DE800A52635 /* InYourFaceTests.m in Sources */,
			);
			runOnlyForDeploymentPostprocessing = 0;
		};
/* End PBXSourcesBuildPhase section */

/* Begin PBXTargetDependency section */
		71B97BCE19404DE800A52635 /* PBXTargetDependency */ = {
			isa = PBXTargetDependency;
			target = 71B97BAC19404DE800A52635 /* InYourFace */;
			targetProxy = 71B97BCD19404DE800A52635 /* PBXContainerItemProxy */;
		};
/* End PBXTargetDependency section */

/* Begin PBXVariantGroup section */
		71B97BB919404DE800A52635 /* InfoPlist.strings */ = {
			isa = PBXVariantGroup;
			children = (
				71B97BBA19404DE800A52635 /* en */,
			);
			name = InfoPlist.strings;
			sourceTree = "<group>";
		};
		71B97BD219404DE800A52635 /* InfoPlist.strings */ = {
			isa = PBXVariantGroup;
			children = (
				71B97BD319404DE800A52635 /* en */,
			);
			name = InfoPlist.strings;
			sourceTree = "<group>";
		};
/* End PBXVariantGroup section */

/* Begin XCBuildConfiguration section */
		71B97BD719404DE800A52635 /* Debug */ = {
			isa = XCBuildConfiguration;
			buildSettings = {
				ALWAYS_SEARCH_USER_PATHS = NO;
				CLANG_CXX_LANGUAGE_STANDARD = "gnu++0x";
				CLANG_CXX_LIBRARY = "libc++";
				CLANG_ENABLE_MODULES = YES;
				CLANG_ENABLE_OBJC_ARC = YES;
				CLANG_WARN_BOOL_CONVERSION = YES;
				CLANG_WARN_CONSTANT_CONVERSION = YES;
				CLANG_WARN_DIRECT_OBJC_ISA_USAGE = YES_ERROR;
				CLANG_WARN_EMPTY_BODY = YES;
				CLANG_WARN_ENUM_CONVERSION = YES;
				CLANG_WARN_INT_CONVERSION = YES;
				CLANG_WARN_OBJC_ROOT_CLASS = YES_ERROR;
				CLANG_WARN__DUPLICATE_METHOD_MATCH = YES;
				"CODE_SIGN_IDENTITY[sdk=iphoneos*]" = "iPhone Developer";
				COPY_PHASE_STRIP = NO;
				GCC_C_LANGUAGE_STANDARD = gnu99;
				GCC_DYNAMIC_NO_PIC = NO;
				GCC_OPTIMIZATION_LEVEL = 0;
				GCC_PREPROCESSOR_DEFINITIONS = (
					"DEBUG=1",
					"$(inherited)",
				);
				GCC_SYMBOLS_PRIVATE_EXTERN = NO;
				GCC_WARN_64_TO_32_BIT_CONVERSION = YES;
				GCC_WARN_ABOUT_RETURN_TYPE = YES_ERROR;
				GCC_WARN_UNDECLARED_SELECTOR = YES;
				GCC_WARN_UNINITIALIZED_AUTOS = YES_AGGRESSIVE;
				GCC_WARN_UNUSED_FUNCTION = YES;
				GCC_WARN_UNUSED_VARIABLE = YES;
				IPHONEOS_DEPLOYMENT_TARGET = 7.1;
				ONLY_ACTIVE_ARCH = YES;
				SDKROOT = iphoneos;
			};
			name = Debug;
		};
		71B97BD819404DE800A52635 /* Release */ = {
			isa = XCBuildConfiguration;
			buildSettings = {
				ALWAYS_SEARCH_USER_PATHS = NO;
				CLANG_CXX_LANGUAGE_STANDARD = "gnu++0x";
				CLANG_CXX_LIBRARY = "libc++";
				CLANG_ENABLE_MODULES = YES;
				CLANG_ENABLE_OBJC_ARC = YES;
				CLANG_WARN_BOOL_CONVERSION = YES;
				CLANG_WARN_CONSTANT_CONVERSION = YES;
				CLANG_WARN_DIRECT_OBJC_ISA_USAGE = YES_ERROR;
				CLANG_WARN_EMPTY_BODY = YES;
				CLANG_WARN_ENUM_CONVERSION = YES;
				CLANG_WARN_INT_CONVERSION = YES;
				CLANG_WARN_OBJC_ROOT_CLASS = YES_ERROR;
				CLANG_WARN__DUPLICATE_METHOD_MATCH = YES;
				"CODE_SIGN_IDENTITY[sdk=iphoneos*]" = "iPhone Developer";
				COPY_PHASE_STRIP = YES;
				ENABLE_NS_ASSERTIONS = NO;
				GCC_C_LANGUAGE_STANDARD = gnu99;
				GCC_WARN_64_TO_32_BIT_CONVERSION = YES;
				GCC_WARN_ABOUT_RETURN_TYPE = YES_ERROR;
				GCC_WARN_UNDECLARED_SELECTOR = YES;
				GCC_WARN_UNINITIALIZED_AUTOS = YES_AGGRESSIVE;
				GCC_WARN_UNUSED_FUNCTION = YES;
				GCC_WARN_UNUSED_VARIABLE = YES;
				IPHONEOS_DEPLOYMENT_TARGET = 7.1;
				SDKROOT = iphoneos;
				VALIDATE_PRODUCT = YES;
			};
			name = Release;
		};
		71B97BDA19404DE800A52635 /* Debug */ = {
			isa = XCBuildConfiguration;
			buildSettings = {
				ASSETCATALOG_COMPILER_APPICON_NAME = AppIcon;
				ASSETCATALOG_COMPILER_LAUNCHIMAGE_NAME = LaunchImage;
				GCC_PRECOMPILE_PREFIX_HEADER = YES;
				GCC_PREFIX_HEADER = "InYourFace/InYourFace-Prefix.pch";
				INFOPLIST_FILE = "InYourFace/InYourFace-Info.plist";
				PRODUCT_NAME = "$(TARGET_NAME)";
				WRAPPER_EXTENSION = app;
			};
			name = Debug;
		};
		71B97BDB19404DE800A52635 /* Release */ = {
			isa = XCBuildConfiguration;
			buildSettings = {
				ASSETCATALOG_COMPILER_APPICON_NAME = AppIcon;
				ASSETCATALOG_COMPILER_LAUNCHIMAGE_NAME = LaunchImage;
				GCC_PRECOMPILE_PREFIX_HEADER = YES;
				GCC_PREFIX_HEADER = "InYourFace/InYourFace-Prefix.pch";
				INFOPLIST_FILE = "InYourFace/InYourFace-Info.plist";
				PRODUCT_NAME = "$(TARGET_NAME)";
				WRAPPER_EXTENSION = app;
			};
			name = Release;
		};
		71B97BDD19404DE800A52635 /* Debug */ = {
			isa = XCBuildConfiguration;
			buildSettings = {
				BUNDLE_LOADER = "$(BUILT_PRODUCTS_DIR)/InYourFace.app/InYourFace";
				FRAMEWORK_SEARCH_PATHS = (
					"$(SDKROOT)/Developer/Library/Frameworks",
					"$(inherited)",
					"$(DEVELOPER_FRAMEWORKS_DIR)",
				);
				GCC_PRECOMPILE_PREFIX_HEADER = YES;
				GCC_PREFIX_HEADER = "InYourFace/InYourFace-Prefix.pch";
				GCC_PREPROCESSOR_DEFINITIONS = (
					"DEBUG=1",
					"$(inherited)",
				);
				INFOPLIST_FILE = "InYourFaceTests/InYourFaceTests-Info.plist";
				PRODUCT_NAME = "$(TARGET_NAME)";
				TEST_HOST = "$(BUNDLE_LOADER)";
				WRAPPER_EXTENSION = xctest;
			};
			name = Debug;
		};
		71B97BDE19404DE800A52635 /* Release */ = {
			isa = XCBuildConfiguration;
			buildSettings = {
				BUNDLE_LOADER = "$(BUILT_PRODUCTS_DIR)/InYourFace.app/InYourFace";
				FRAMEWORK_SEARCH_PATHS = (
					"$(SDKROOT)/Developer/Library/Frameworks",
					"$(inherited)",
					"$(DEVELOPER_FRAMEWORKS_DIR)",
				);
				GCC_PRECOMPILE_PREFIX_HEADER = YES;
				GCC_PREFIX_HEADER = "InYourFace/InYourFace-Prefix.pch";
				INFOPLIST_FILE = "InYourFaceTests/InYourFaceTests-Info.plist";
				PRODUCT_NAME = "$(TARGET_NAME)";
				TEST_HOST = "$(BUNDLE_LOADER)";
				WRAPPER_EXTENSION = xctest;
			};
			name = Release;
		};
/* End XCBuildConfiguration section */

/* Begin XCConfigurationList section */
		71B97BA819404DE800A52635 /* Build configuration list for PBXProject "InYourFace" */ = {
			isa = XCConfigurationList;
			buildConfigurations = (
				71B97BD719404DE800A52635 /* Debug */,
				71B97BD819404DE800A52635 /* Release */,
			);
			defaultConfigurationIsVisible = 0;
			defaultConfigurationName = Release;
		};
		71B97BD919404DE800A52635 /* Build configuration list for PBXNativeTarget "InYourFace" */ = {
			isa = XCConfigurationList;
			buildConfigurations = (
				71B97BDA19404DE800A52635 /* Debug */,
				71B97BDB19404DE800A52635 /* Release */,
			);
			defaultConfigurationIsVisible = 0;
		};
		71B97BDC19404DE800A52635 /* Build configuration list for PBXNativeTarget "InYourFaceTests" */ = {
			isa = XCConfigurationList;
			buildConfigurations = (
				71B97BDD19404DE800A52635 /* Debug */,
				71B97BDE19404DE800A52635 /* Release */,
			);
			defaultConfigurationIsVisible = 0;
		};
/* End XCConfigurationList section */
	};
	rootObject = 71B97BA519404DE800A52635 /* Project object */;
}
